// !$*UTF8*$!
{
	archiveVersion = 1;
	classes = {
	};
	objectVersion = 56;
	objects = {

/* Begin PBXBuildFile section */
		1131E8832BE347F300D40120 /* LaunchView.swift in Sources */ = {isa = PBXBuildFile; fileRef = 1131E8822BE347F300D40120 /* LaunchView.swift */; };
		1131E8892BE34F2B00D40120 /* CameraView.swift in Sources */ = {isa = PBXBuildFile; fileRef = 1131E8882BE34F2B00D40120 /* CameraView.swift */; };
		1131E88D2BE34F7D00D40120 /* BookListView.swift in Sources */ = {isa = PBXBuildFile; fileRef = 1131E88C2BE34F7D00D40120 /* BookListView.swift */; };
		1131E8902BE35D7A00D40120 /* CameraViewModel.swift in Sources */ = {isa = PBXBuildFile; fileRef = 1131E88F2BE35D7A00D40120 /* CameraViewModel.swift */; };
		1131E8932BE3616100D40120 /* Camera.swift in Sources */ = {isa = PBXBuildFile; fileRef = 1131E8922BE3616100D40120 /* Camera.swift */; };
		1131E8972BE6887A00D40120 /* CameraPreviewView.swift in Sources */ = {isa = PBXBuildFile; fileRef = 1131E8962BE6887A00D40120 /* CameraPreviewView.swift */; };
		1146863F2BC021A20072F8D8 /* WhiteLensApp.swift in Sources */ = {isa = PBXBuildFile; fileRef = 1146863E2BC021A20072F8D8 /* WhiteLensApp.swift */; };
		114686412BC021A20072F8D8 /* ContentView.swift in Sources */ = {isa = PBXBuildFile; fileRef = 114686402BC021A20072F8D8 /* ContentView.swift */; };
		114686432BC021A20072F8D8 /* Item.swift in Sources */ = {isa = PBXBuildFile; fileRef = 114686422BC021A20072F8D8 /* Item.swift */; };
		114686452BC021A40072F8D8 /* Assets.xcassets in Resources */ = {isa = PBXBuildFile; fileRef = 114686442BC021A40072F8D8 /* Assets.xcassets */; };
		114686482BC021A40072F8D8 /* Preview Assets.xcassets in Resources */ = {isa = PBXBuildFile; fileRef = 114686472BC021A40072F8D8 /* Preview Assets.xcassets */; };
/* End PBXBuildFile section */

/* Begin PBXFileReference section */
		1131E8822BE347F300D40120 /* LaunchView.swift */ = {isa = PBXFileReference; lastKnownFileType = sourcecode.swift; path = LaunchView.swift; sourceTree = "<group>"; };
		1131E8882BE34F2B00D40120 /* CameraView.swift */ = {isa = PBXFileReference; lastKnownFileType = sourcecode.swift; path = CameraView.swift; sourceTree = "<group>"; };
		1131E88C2BE34F7D00D40120 /* BookListView.swift */ = {isa = PBXFileReference; lastKnownFileType = sourcecode.swift; path = BookListView.swift; sourceTree = "<group>"; };
		1131E88F2BE35D7A00D40120 /* CameraViewModel.swift */ = {isa = PBXFileReference; lastKnownFileType = sourcecode.swift; path = CameraViewModel.swift; sourceTree = "<group>"; };
		1131E8922BE3616100D40120 /* Camera.swift */ = {isa = PBXFileReference; lastKnownFileType = sourcecode.swift; path = Camera.swift; sourceTree = "<group>"; };
		1131E8962BE6887A00D40120 /* CameraPreviewView.swift */ = {isa = PBXFileReference; lastKnownFileType = sourcecode.swift; path = CameraPreviewView.swift; sourceTree = "<group>"; };
		1146863B2BC021A20072F8D8 /* WhiteLens.app */ = {isa = PBXFileReference; explicitFileType = wrapper.application; includeInIndex = 0; path = WhiteLens.app; sourceTree = BUILT_PRODUCTS_DIR; };
		1146863E2BC021A20072F8D8 /* WhiteLensApp.swift */ = {isa = PBXFileReference; lastKnownFileType = sourcecode.swift; path = WhiteLensApp.swift; sourceTree = "<group>"; };
		114686402BC021A20072F8D8 /* ContentView.swift */ = {isa = PBXFileReference; lastKnownFileType = sourcecode.swift; path = ContentView.swift; sourceTree = "<group>"; };
		114686422BC021A20072F8D8 /* Item.swift */ = {isa = PBXFileReference; lastKnownFileType = sourcecode.swift; path = Item.swift; sourceTree = "<group>"; };
		114686442BC021A40072F8D8 /* Assets.xcassets */ = {isa = PBXFileReference; lastKnownFileType = folder.assetcatalog; path = Assets.xcassets; sourceTree = "<group>"; };
		114686472BC021A40072F8D8 /* Preview Assets.xcassets */ = {isa = PBXFileReference; lastKnownFileType = folder.assetcatalog; path = "Preview Assets.xcassets"; sourceTree = "<group>"; };
/* End PBXFileReference section */

/* Begin PBXFrameworksBuildPhase section */
		114686382BC021A20072F8D8 /* Frameworks */ = {
			isa = PBXFrameworksBuildPhase;
			buildActionMask = 2147483647;
			files = (
			);
			runOnlyForDeploymentPostprocessing = 0;
		};
/* End PBXFrameworksBuildPhase section */

/* Begin PBXGroup section */
		1131E87F2BE347BF00D40120 /* Presentation */ = {
			isa = PBXGroup;
			children = (
				1131E8852BE34F0200D40120 /* ReadBook */,
				1131E8842BE34EF200D40120 /* ScanBook */,
				1131E8802BE347C900D40120 /* LaunchView */,
			);
			path = Presentation;
			sourceTree = "<group>";
		};
		1131E8802BE347C900D40120 /* LaunchView */ = {
			isa = PBXGroup;
			children = (
				1131E8812BE347E200D40120 /* View */,
			);
			path = LaunchView;
			sourceTree = "<group>";
		};
		1131E8812BE347E200D40120 /* View */ = {
			isa = PBXGroup;
			children = (
				1131E8822BE347F300D40120 /* LaunchView.swift */,
			);
			path = View;
			sourceTree = "<group>";
		};
		1131E8842BE34EF200D40120 /* ScanBook */ = {
			isa = PBXGroup;
			children = (
				1131E8942BE6885E00D40120 /* CameraPreviewView */,
				1131E8862BE34F0A00D40120 /* CameraView */,
			);
			path = ScanBook;
			sourceTree = "<group>";
		};
		1131E8852BE34F0200D40120 /* ReadBook */ = {
			isa = PBXGroup;
			children = (
				1131E88A2BE34F6000D40120 /* BookList */,
			);
			path = ReadBook;
			sourceTree = "<group>";
		};
		1131E8862BE34F0A00D40120 /* CameraView */ = {
			isa = PBXGroup;
			children = (
				1131E88E2BE35D6B00D40120 /* ViewModel */,
				1131E8872BE34F2000D40120 /* View */,
			);
			path = CameraView;
			sourceTree = "<group>";
		};
		1131E8872BE34F2000D40120 /* View */ = {
			isa = PBXGroup;
			children = (
				1131E8882BE34F2B00D40120 /* CameraView.swift */,
			);
			path = View;
			sourceTree = "<group>";
		};
		1131E88A2BE34F6000D40120 /* BookList */ = {
			isa = PBXGroup;
			children = (
				1131E88B2BE34F6900D40120 /* View */,
			);
			path = BookList;
			sourceTree = "<group>";
		};
		1131E88B2BE34F6900D40120 /* View */ = {
			isa = PBXGroup;
			children = (
				1131E88C2BE34F7D00D40120 /* BookListView.swift */,
			);
			path = View;
			sourceTree = "<group>";
		};
		1131E88E2BE35D6B00D40120 /* ViewModel */ = {
			isa = PBXGroup;
			children = (
				1131E88F2BE35D7A00D40120 /* CameraViewModel.swift */,
			);
			path = ViewModel;
			sourceTree = "<group>";
		};
		1131E8912BE3615900D40120 /* Model */ = {
			isa = PBXGroup;
			children = (
				1131E8922BE3616100D40120 /* Camera.swift */,
			);
			path = Model;
			sourceTree = "<group>";
		};
		1131E8942BE6885E00D40120 /* CameraPreviewView */ = {
			isa = PBXGroup;
			children = (
				1131E8952BE6886D00D40120 /* View */,
			);
			path = CameraPreviewView;
			sourceTree = "<group>";
		};
		1131E8952BE6886D00D40120 /* View */ = {
			isa = PBXGroup;
			children = (
				1131E8962BE6887A00D40120 /* CameraPreviewView.swift */,
			);
			path = View;
			sourceTree = "<group>";
		};
		114686322BC021A20072F8D8 = {
			isa = PBXGroup;
			children = (
				1146863D2BC021A20072F8D8 /* WhiteLens */,
				1146863C2BC021A20072F8D8 /* Products */,
			);
			sourceTree = "<group>";
		};
		1146863C2BC021A20072F8D8 /* Products */ = {
			isa = PBXGroup;
			children = (
				1146863B2BC021A20072F8D8 /* WhiteLens.app */,
			);
			name = Products;
			sourceTree = "<group>";
		};
		1146863D2BC021A20072F8D8 /* WhiteLens */ = {
			isa = PBXGroup;
			children = (
				1131E8912BE3615900D40120 /* Model */,
				1131E87F2BE347BF00D40120 /* Presentation */,
				1146863E2BC021A20072F8D8 /* WhiteLensApp.swift */,
				114686402BC021A20072F8D8 /* ContentView.swift */,
				114686422BC021A20072F8D8 /* Item.swift */,
				114686442BC021A40072F8D8 /* Assets.xcassets */,
				114686462BC021A40072F8D8 /* Preview Content */,
			);
			path = WhiteLens;
			sourceTree = "<group>";
		};
		114686462BC021A40072F8D8 /* Preview Content */ = {
			isa = PBXGroup;
			children = (
				114686472BC021A40072F8D8 /* Preview Assets.xcassets */,
			);
			path = "Preview Content";
			sourceTree = "<group>";
		};
/* End PBXGroup section */

/* Begin PBXNativeTarget section */
		1146863A2BC021A20072F8D8 /* WhiteLens */ = {
			isa = PBXNativeTarget;
			buildConfigurationList = 1146864B2BC021A40072F8D8 /* Build configuration list for PBXNativeTarget "WhiteLens" */;
			buildPhases = (
				114686372BC021A20072F8D8 /* Sources */,
				114686382BC021A20072F8D8 /* Frameworks */,
				114686392BC021A20072F8D8 /* Resources */,
			);
			buildRules = (
			);
			dependencies = (
			);
			name = WhiteLens;
			productName = WhiteLens;
			productReference = 1146863B2BC021A20072F8D8 /* WhiteLens.app */;
			productType = "com.apple.product-type.application";
		};
/* End PBXNativeTarget section */

/* Begin PBXProject section */
		114686332BC021A20072F8D8 /* Project object */ = {
			isa = PBXProject;
			attributes = {
				BuildIndependentTargetsInParallel = 1;
				LastSwiftUpdateCheck = 1500;
				LastUpgradeCheck = 1500;
				TargetAttributes = {
					1146863A2BC021A20072F8D8 = {
						CreatedOnToolsVersion = 15.0.1;
					};
				};
			};
			buildConfigurationList = 114686362BC021A20072F8D8 /* Build configuration list for PBXProject "WhiteLens" */;
			compatibilityVersion = "Xcode 14.0";
			developmentRegion = en;
			hasScannedForEncodings = 0;
			knownRegions = (
				en,
				Base,
			);
			mainGroup = 114686322BC021A20072F8D8;
			productRefGroup = 1146863C2BC021A20072F8D8 /* Products */;
			projectDirPath = "";
			projectRoot = "";
			targets = (
				1146863A2BC021A20072F8D8 /* WhiteLens */,
			);
		};
/* End PBXProject section */

/* Begin PBXResourcesBuildPhase section */
		114686392BC021A20072F8D8 /* Resources */ = {
			isa = PBXResourcesBuildPhase;
			buildActionMask = 2147483647;
			files = (
				114686482BC021A40072F8D8 /* Preview Assets.xcassets in Resources */,
				114686452BC021A40072F8D8 /* Assets.xcassets in Resources */,
			);
			runOnlyForDeploymentPostprocessing = 0;
		};
/* End PBXResourcesBuildPhase section */

/* Begin PBXSourcesBuildPhase section */
		114686372BC021A20072F8D8 /* Sources */ = {
			isa = PBXSourcesBuildPhase;
			buildActionMask = 2147483647;
			files = (
				1131E8932BE3616100D40120 /* Camera.swift in Sources */,
				114686412BC021A20072F8D8 /* ContentView.swift in Sources */,
				1131E8972BE6887A00D40120 /* CameraPreviewView.swift in Sources */,
				1131E88D2BE34F7D00D40120 /* BookListView.swift in Sources */,
				1131E8832BE347F300D40120 /* LaunchView.swift in Sources */,
				114686432BC021A20072F8D8 /* Item.swift in Sources */,
				1131E8902BE35D7A00D40120 /* CameraViewModel.swift in Sources */,
				1131E8892BE34F2B00D40120 /* CameraView.swift in Sources */,
				1146863F2BC021A20072F8D8 /* WhiteLensApp.swift in Sources */,
			);
			runOnlyForDeploymentPostprocessing = 0;
		};
/* End PBXSourcesBuildPhase section */

/* Begin XCBuildConfiguration section */
		114686492BC021A40072F8D8 /* Debug */ = {
			isa = XCBuildConfiguration;
			buildSettings = {
				ALWAYS_SEARCH_USER_PATHS = NO;
				ASSETCATALOG_COMPILER_GENERATE_SWIFT_ASSET_SYMBOL_EXTENSIONS = YES;
				CLANG_ANALYZER_NONNULL = YES;
				CLANG_ANALYZER_NUMBER_OBJECT_CONVERSION = YES_AGGRESSIVE;
				CLANG_CXX_LANGUAGE_STANDARD = "gnu++20";
				CLANG_ENABLE_MODULES = YES;
				CLANG_ENABLE_OBJC_ARC = YES;
				CLANG_ENABLE_OBJC_WEAK = YES;
				CLANG_WARN_BLOCK_CAPTURE_AUTORELEASING = YES;
				CLANG_WARN_BOOL_CONVERSION = YES;
				CLANG_WARN_COMMA = YES;
				CLANG_WARN_CONSTANT_CONVERSION = YES;
				CLANG_WARN_DEPRECATED_OBJC_IMPLEMENTATIONS = YES;
				CLANG_WARN_DIRECT_OBJC_ISA_USAGE = YES_ERROR;
				CLANG_WARN_DOCUMENTATION_COMMENTS = YES;
				CLANG_WARN_EMPTY_BODY = YES;
				CLANG_WARN_ENUM_CONVERSION = YES;
				CLANG_WARN_INFINITE_RECURSION = YES;
				CLANG_WARN_INT_CONVERSION = YES;
				CLANG_WARN_NON_LITERAL_NULL_CONVERSION = YES;
				CLANG_WARN_OBJC_IMPLICIT_RETAIN_SELF = YES;
				CLANG_WARN_OBJC_LITERAL_CONVERSION = YES;
				CLANG_WARN_OBJC_ROOT_CLASS = YES_ERROR;
				CLANG_WARN_QUOTED_INCLUDE_IN_FRAMEWORK_HEADER = YES;
				CLANG_WARN_RANGE_LOOP_ANALYSIS = YES;
				CLANG_WARN_STRICT_PROTOTYPES = YES;
				CLANG_WARN_SUSPICIOUS_MOVE = YES;
				CLANG_WARN_UNGUARDED_AVAILABILITY = YES_AGGRESSIVE;
				CLANG_WARN_UNREACHABLE_CODE = YES;
				CLANG_WARN__DUPLICATE_METHOD_MATCH = YES;
				COPY_PHASE_STRIP = NO;
				DEBUG_INFORMATION_FORMAT = dwarf;
				ENABLE_STRICT_OBJC_MSGSEND = YES;
				ENABLE_TESTABILITY = YES;
				ENABLE_USER_SCRIPT_SANDBOXING = YES;
				GCC_C_LANGUAGE_STANDARD = gnu17;
				GCC_DYNAMIC_NO_PIC = NO;
				GCC_NO_COMMON_BLOCKS = YES;
				GCC_OPTIMIZATION_LEVEL = 0;
				GCC_PREPROCESSOR_DEFINITIONS = (
					"DEBUG=1",
					"$(inherited)",
				);
				GCC_WARN_64_TO_32_BIT_CONVERSION = YES;
				GCC_WARN_ABOUT_RETURN_TYPE = YES_ERROR;
				GCC_WARN_UNDECLARED_SELECTOR = YES;
				GCC_WARN_UNINITIALIZED_AUTOS = YES_AGGRESSIVE;
				GCC_WARN_UNUSED_FUNCTION = YES;
				GCC_WARN_UNUSED_VARIABLE = YES;
				IPHONEOS_DEPLOYMENT_TARGET = 17.0;
				LOCALIZATION_PREFERS_STRING_CATALOGS = YES;
				MTL_ENABLE_DEBUG_INFO = INCLUDE_SOURCE;
				MTL_FAST_MATH = YES;
				ONLY_ACTIVE_ARCH = YES;
				SDKROOT = iphoneos;
				SWIFT_ACTIVE_COMPILATION_CONDITIONS = "DEBUG $(inherited)";
				SWIFT_OPTIMIZATION_LEVEL = "-Onone";
			};
			name = Debug;
		};
		1146864A2BC021A40072F8D8 /* Release */ = {
			isa = XCBuildConfiguration;
			buildSettings = {
				ALWAYS_SEARCH_USER_PATHS = NO;
				ASSETCATALOG_COMPILER_GENERATE_SWIFT_ASSET_SYMBOL_EXTENSIONS = YES;
				CLANG_ANALYZER_NONNULL = YES;
				CLANG_ANALYZER_NUMBER_OBJECT_CONVERSION = YES_AGGRESSIVE;
				CLANG_CXX_LANGUAGE_STANDARD = "gnu++20";
				CLANG_ENABLE_MODULES = YES;
				CLANG_ENABLE_OBJC_ARC = YES;
				CLANG_ENABLE_OBJC_WEAK = YES;
				CLANG_WARN_BLOCK_CAPTURE_AUTORELEASING = YES;
				CLANG_WARN_BOOL_CONVERSION = YES;
				CLANG_WARN_COMMA = YES;
				CLANG_WARN_CONSTANT_CONVERSION = YES;
				CLANG_WARN_DEPRECATED_OBJC_IMPLEMENTATIONS = YES;
				CLANG_WARN_DIRECT_OBJC_ISA_USAGE = YES_ERROR;
				CLANG_WARN_DOCUMENTATION_COMMENTS = YES;
				CLANG_WARN_EMPTY_BODY = YES;
				CLANG_WARN_ENUM_CONVERSION = YES;
				CLANG_WARN_INFINITE_RECURSION = YES;
				CLANG_WARN_INT_CONVERSION = YES;
				CLANG_WARN_NON_LITERAL_NULL_CONVERSION = YES;
				CLANG_WARN_OBJC_IMPLICIT_RETAIN_SELF = YES;
				CLANG_WARN_OBJC_LITERAL_CONVERSION = YES;
				CLANG_WARN_OBJC_ROOT_CLASS = YES_ERROR;
				CLANG_WARN_QUOTED_INCLUDE_IN_FRAMEWORK_HEADER = YES;
				CLANG_WARN_RANGE_LOOP_ANALYSIS = YES;
				CLANG_WARN_STRICT_PROTOTYPES = YES;
				CLANG_WARN_SUSPICIOUS_MOVE = YES;
				CLANG_WARN_UNGUARDED_AVAILABILITY = YES_AGGRESSIVE;
				CLANG_WARN_UNREACHABLE_CODE = YES;
				CLANG_WARN__DUPLICATE_METHOD_MATCH = YES;
				COPY_PHASE_STRIP = NO;
				DEBUG_INFORMATION_FORMAT = "dwarf-with-dsym";
				ENABLE_NS_ASSERTIONS = NO;
				ENABLE_STRICT_OBJC_MSGSEND = YES;
				ENABLE_USER_SCRIPT_SANDBOXING = YES;
				GCC_C_LANGUAGE_STANDARD = gnu17;
				GCC_NO_COMMON_BLOCKS = YES;
				GCC_WARN_64_TO_32_BIT_CONVERSION = YES;
				GCC_WARN_ABOUT_RETURN_TYPE = YES_ERROR;
				GCC_WARN_UNDECLARED_SELECTOR = YES;
				GCC_WARN_UNINITIALIZED_AUTOS = YES_AGGRESSIVE;
				GCC_WARN_UNUSED_FUNCTION = YES;
				GCC_WARN_UNUSED_VARIABLE = YES;
				IPHONEOS_DEPLOYMENT_TARGET = 17.0;
				LOCALIZATION_PREFERS_STRING_CATALOGS = YES;
				MTL_ENABLE_DEBUG_INFO = NO;
				MTL_FAST_MATH = YES;
				SDKROOT = iphoneos;
				SWIFT_COMPILATION_MODE = wholemodule;
				VALIDATE_PRODUCT = YES;
			};
			name = Release;
		};
		1146864C2BC021A40072F8D8 /* Debug */ = {
			isa = XCBuildConfiguration;
			buildSettings = {
				ASSETCATALOG_COMPILER_APPICON_NAME = AppIcon;
				ASSETCATALOG_COMPILER_GLOBAL_ACCENT_COLOR_NAME = AccentColor;
				CODE_SIGN_STYLE = Automatic;
				CURRENT_PROJECT_VERSION = 1;
				DEVELOPMENT_ASSET_PATHS = "\"WhiteLens/Preview Content\"";
				DEVELOPMENT_TEAM = W43DLLFB4Q;
				ENABLE_PREVIEWS = YES;
				GENERATE_INFOPLIST_FILE = YES;
				INFOPLIST_KEY_NSCameraUsageDescription = "카메라 접근 허용";
				INFOPLIST_KEY_UIApplicationSceneManifest_Generation = YES;
				INFOPLIST_KEY_UIApplicationSupportsIndirectInputEvents = YES;
				INFOPLIST_KEY_UILaunchScreen_Generation = YES;
				INFOPLIST_KEY_UISupportedInterfaceOrientations_iPad = "UIInterfaceOrientationPortrait UIInterfaceOrientationPortraitUpsideDown UIInterfaceOrientationLandscapeLeft UIInterfaceOrientationLandscapeRight";
				INFOPLIST_KEY_UISupportedInterfaceOrientations_iPhone = "UIInterfaceOrientationPortrait UIInterfaceOrientationLandscapeLeft UIInterfaceOrientationLandscapeRight";
				LD_RUNPATH_SEARCH_PATHS = (
					"$(inherited)",
					"@executable_path/Frameworks",
				);
				MARKETING_VERSION = 1.0;
				PRODUCT_BUNDLE_IDENTIFIER = com.sean.WhiteLens;
				PRODUCT_NAME = "$(TARGET_NAME)";
				SWIFT_EMIT_LOC_STRINGS = YES;
				SWIFT_VERSION = 5.0;
				TARGETED_DEVICE_FAMILY = "1,2";
			};
			name = Debug;
		};
		1146864D2BC021A40072F8D8 /* Release */ = {
			isa = XCBuildConfiguration;
			buildSettings = {
				ASSETCATALOG_COMPILER_APPICON_NAME = AppIcon;
				ASSETCATALOG_COMPILER_GLOBAL_ACCENT_COLOR_NAME = AccentColor;
				CODE_SIGN_STYLE = Automatic;
				CURRENT_PROJECT_VERSION = 1;
				DEVELOPMENT_ASSET_PATHS = "\"WhiteLens/Preview Content\"";
				DEVELOPMENT_TEAM = W43DLLFB4Q;
				ENABLE_PREVIEWS = YES;
				GENERATE_INFOPLIST_FILE = YES;
				INFOPLIST_KEY_NSCameraUsageDescription = "카메라 접근 허용";
				INFOPLIST_KEY_UIApplicationSceneManifest_Generation = YES;
				INFOPLIST_KEY_UIApplicationSupportsIndirectInputEvents = YES;
				INFOPLIST_KEY_UILaunchScreen_Generation = YES;
				INFOPLIST_KEY_UISupportedInterfaceOrientations_iPad = "UIInterfaceOrientationPortrait UIInterfaceOrientationPortraitUpsideDown UIInterfaceOrientationLandscapeLeft UIInterfaceOrientationLandscapeRight";
				INFOPLIST_KEY_UISupportedInterfaceOrientations_iPhone = "UIInterfaceOrientationPortrait UIInterfaceOrientationLandscapeLeft UIInterfaceOrientationLandscapeRight";
				LD_RUNPATH_SEARCH_PATHS = (
					"$(inherited)",
					"@executable_path/Frameworks",
				);
				MARKETING_VERSION = 1.0;
				PRODUCT_BUNDLE_IDENTIFIER = com.sean.WhiteLens;
				PRODUCT_NAME = "$(TARGET_NAME)";
				SWIFT_EMIT_LOC_STRINGS = YES;
				SWIFT_VERSION = 5.0;
				TARGETED_DEVICE_FAMILY = "1,2";
			};
			name = Release;
		};
/* End XCBuildConfiguration section */

/* Begin XCConfigurationList section */
		114686362BC021A20072F8D8 /* Build configuration list for PBXProject "WhiteLens" */ = {
			isa = XCConfigurationList;
			buildConfigurations = (
				114686492BC021A40072F8D8 /* Debug */,
				1146864A2BC021A40072F8D8 /* Release */,
			);
			defaultConfigurationIsVisible = 0;
			defaultConfigurationName = Release;
		};
		1146864B2BC021A40072F8D8 /* Build configuration list for PBXNativeTarget "WhiteLens" */ = {
			isa = XCConfigurationList;
			buildConfigurations = (
				1146864C2BC021A40072F8D8 /* Debug */,
				1146864D2BC021A40072F8D8 /* Release */,
			);
			defaultConfigurationIsVisible = 0;
			defaultConfigurationName = Release;
		};
/* End XCConfigurationList section */
	};
	rootObject = 114686332BC021A20072F8D8 /* Project object */;
}
